
Microsoft Visual Studio Solution File, Format Version 12.00
# Visual Studio Version 17
VisualStudioVersion = 17.0.32126.317
MinimumVisualStudioVersion = 10.0.40219.1
Project("{2150E333-8FDC-42A3-9474-1A3956D46DE8}") = "Source", "Source", "{B8974ADF-8679-46BB-9A5E-3D1C6B89E520}"
EndProject
Project("{2150E333-8FDC-42A3-9474-1A3956D46DE8}") = "Tests", "Tests", "{0D496644-070C-4C13-B445-4BEAFDA013E2}"
EndProject
Project("{FAE04EC0-301F-11D3-BF4B-00C04F79EFBC}") = "AlleDrogo.Persistance", "AlleDrogo.Persistance\AlleDrogo.Persistance.csproj", "{E5523BBD-0551-4C5D-823B-610611BFB6F5}"
EndProject
Project("{FAE04EC0-301F-11D3-BF4B-00C04F79EFBC}") = "AlleDrogo.Domain", "AlleDrogo.Domain\AlleDrogo.Domain.csproj", "{ECF5DD62-0899-4594-8423-73CC0B00D117}"
EndProject
Project("{FAE04EC0-301F-11D3-BF4B-00C04F79EFBC}") = "AlleDrogo.Application", "AlleDrogo.Application\AlleDrogo.Application.csproj", "{63930F82-289D-4D20-BC56-16AA565134D4}"
EndProject
Project("{FAE04EC0-301F-11D3-BF4B-00C04F79EFBC}") = "AlleDrogo.Infrastructure", "AlleDrogo.Infrastructure\AlleDrogo.Infrastructure.csproj", "{EF487BF9-7BE8-4B9F-B817-CE3C9ABAC6D0}"
EndProject
Project("{FAE04EC0-301F-11D3-BF4B-00C04F79EFBC}") = "AlleDrogo.Internal.Api", "AlleDrogo.Internal.Api\AlleDrogo.Internal.Api.csproj", "{5DF65897-E323-43C4-9F27-9E353650350A}"
EndProject
Project("{FAE04EC0-301F-11D3-BF4B-00C04F79EFBC}") = "AlleDrogo.Internal.Contracts", "AlleDrogo.Internal.Contracts\AlleDrogo.Internal.Contracts.csproj", "{4D089882-924B-4E8C-90F9-07DA2367AB1C}"
EndProject
Project("{FAE04EC0-301F-11D3-BF4B-00C04F79EFBC}") = "AlleDrogo.WebClient", "AlleDrogo.WebClient\AlleDrogo.WebClient.csproj", "{3DA5BAF1-526A-4F35-B347-040732CCD140}"
EndProject
Project("{FAE04EC0-301F-11D3-BF4B-00C04F79EFBC}") = "AlleDrogo.UnitTests", "AlleDrogo.UnitTests\AlleDrogo.UnitTests.csproj", "{C06C5777-3C0F-462B-9FDC-6A25A0696ABC}"
EndProject
Global
	GlobalSection(SolutionConfigurationPlatforms) = preSolution
		Debug|Any CPU = Debug|Any CPU
		Release|Any CPU = Release|Any CPU
	EndGlobalSection
	GlobalSection(ProjectConfigurationPlatforms) = postSolution
		{E5523BBD-0551-4C5D-823B-610611BFB6F5}.Debug|Any CPU.ActiveCfg = Debug|Any CPU
		{E5523BBD-0551-4C5D-823B-610611BFB6F5}.Debug|Any CPU.Build.0 = Debug|Any CPU
		{E5523BBD-0551-4C5D-823B-610611BFB6F5}.Release|Any CPU.ActiveCfg = Release|Any CPU
		{E5523BBD-0551-4C5D-823B-610611BFB6F5}.Release|Any CPU.Build.0 = Release|Any CPU
		{ECF5DD62-0899-4594-8423-73CC0B00D117}.Debug|Any CPU.ActiveCfg = Debug|Any CPU
		{ECF5DD62-0899-4594-8423-73CC0B00D117}.Debug|Any CPU.Build.0 = Debug|Any CPU
		{ECF5DD62-0899-4594-8423-73CC0B00D117}.Release|Any CPU.ActiveCfg = Release|Any CPU
		{ECF5DD62-0899-4594-8423-73CC0B00D117}.Release|Any CPU.Build.0 = Release|Any CPU
		{63930F82-289D-4D20-BC56-16AA565134D4}.Debug|Any CPU.ActiveCfg = Debug|Any CPU
		{63930F82-289D-4D20-BC56-16AA565134D4}.Debug|Any CPU.Build.0 = Debug|Any CPU
		{63930F82-289D-4D20-BC56-16AA565134D4}.Release|Any CPU.ActiveCfg = Release|Any CPU
		{63930F82-289D-4D20-BC56-16AA565134D4}.Release|Any CPU.Build.0 = Release|Any CPU
		{EF487BF9-7BE8-4B9F-B817-CE3C9ABAC6D0}.Debug|Any CPU.ActiveCfg = Debug|Any CPU
		{EF487BF9-7BE8-4B9F-B817-CE3C9ABAC6D0}.Debug|Any CPU.Build.0 = Debug|Any CPU
		{EF487BF9-7BE8-4B9F-B817-CE3C9ABAC6D0}.Release|Any CPU.ActiveCfg = Release|Any CPU
		{EF487BF9-7BE8-4B9F-B817-CE3C9ABAC6D0}.Release|Any CPU.Build.0 = Release|Any CPU
		{5DF65897-E323-43C4-9F27-9E353650350A}.Debug|Any CPU.ActiveCfg = Debug|Any CPU
		{5DF65897-E323-43C4-9F27-9E353650350A}.Debug|Any CPU.Build.0 = Debug|Any CPU
		{5DF65897-E323-43C4-9F27-9E353650350A}.Release|Any CPU.ActiveCfg = Release|Any CPU
		{5DF65897-E323-43C4-9F27-9E353650350A}.Release|Any CPU.Build.0 = Release|Any CPU
		{4D089882-924B-4E8C-90F9-07DA2367AB1C}.Debug|Any CPU.ActiveCfg = Debug|Any CPU
		{4D089882-924B-4E8C-90F9-07DA2367AB1C}.Debug|Any CPU.Build.0 = Debug|Any CPU
		{4D089882-924B-4E8C-90F9-07DA2367AB1C}.Release|Any CPU.ActiveCfg = Release|Any CPU
		{4D089882-924B-4E8C-90F9-07DA2367AB1C}.Release|Any CPU.Build.0 = Release|Any CPU
		{3DA5BAF1-526A-4F35-B347-040732CCD140}.Debug|Any CPU.ActiveCfg = Debug|Any CPU
		{3DA5BAF1-526A-4F35-B347-040732CCD140}.Debug|Any CPU.Build.0 = Debug|Any CPU
		{3DA5BAF1-526A-4F35-B347-040732CCD140}.Release|Any CPU.ActiveCfg = Release|Any CPU
		{3DA5BAF1-526A-4F35-B347-040732CCD140}.Release|Any CPU.Build.0 = Release|Any CPU
		{C06C5777-3C0F-462B-9FDC-6A25A0696ABC}.Debug|Any CPU.ActiveCfg = Debug|Any CPU
		{C06C5777-3C0F-462B-9FDC-6A25A0696ABC}.Debug|Any CPU.Build.0 = Debug|Any CPU
		{C06C5777-3C0F-462B-9FDC-6A25A0696ABC}.Release|Any CPU.ActiveCfg = Release|Any CPU
		{C06C5777-3C0F-462B-9FDC-6A25A0696ABC}.Release|Any CPU.Build.0 = Release|Any CPU
	EndGlobalSection
	GlobalSection(SolutionProperties) = preSolution
		HideSolutionNode = FALSE
	EndGlobalSection
	GlobalSection(NestedProjects) = preSolution
		{E5523BBD-0551-4C5D-823B-610611BFB6F5} = {B8974ADF-8679-46BB-9A5E-3D1C6B89E520}
		{ECF5DD62-0899-4594-8423-73CC0B00D117} = {B8974ADF-8679-46BB-9A5E-3D1C6B89E520}
		{63930F82-289D-4D20-BC56-16AA565134D4} = {B8974ADF-8679-46BB-9A5E-3D1C6B89E520}
		{EF487BF9-7BE8-4B9F-B817-CE3C9ABAC6D0} = {B8974ADF-8679-46BB-9A5E-3D1C6B89E520}
		{5DF65897-E323-43C4-9F27-9E353650350A} = {B8974ADF-8679-46BB-9A5E-3D1C6B89E520}
		{4D089882-924B-4E8C-90F9-07DA2367AB1C} = {B8974ADF-8679-46BB-9A5E-3D1C6B89E520}
		{3DA5BAF1-526A-4F35-B347-040732CCD140} = {B8974ADF-8679-46BB-9A5E-3D1C6B89E520}
		{C06C5777-3C0F-462B-9FDC-6A25A0696ABC} = {0D496644-070C-4C13-B445-4BEAFDA013E2}
	EndGlobalSection
	GlobalSection(ExtensibilityGlobals) = postSolution
		SolutionGuid = {8232FEE5-3979-451C-9B24-57743F889466}
	EndGlobalSection
EndGlobal
